
Microsoft Visual Studio Solution File, Format Version 11.00
# Visual Studio 2010
Project("{8BC9CEB8-8B4A-11D0-8D11-00A0C91BC942}") = "common", "common\common.vcxproj", "{0A0DE0B6-9A9A-4B77-9F83-AEF871CDAE66}"
EndProject
Project("{8BC9CEB8-8B4A-11D0-8D11-00A0C91BC942}") = "gnfs", "gnfs\gnfs.vcxproj", "{AC786FD6-B405-40FB-BA5A-3AB68B33C81D}"
EndProject
Project("{8BC9CEB8-8B4A-11D0-8D11-00A0C91BC942}") = "mpqs", "mpqs\mpqs.vcxproj", "{6CD73AB4-04F6-49B3-A45F-65D4F7A078F4}"
EndProject
Project("{8BC9CEB8-8B4A-11D0-8D11-00A0C91BC942}") = "msieve", "msieve\msieve.vcxproj", "{89995A7B-6709-40C7-ADDC-806680CE8B64}"
EndProject
Project("{8BC9CEB8-8B4A-11D0-8D11-00A0C91BC942}") = "stage1_core_48", "stage1_core_48\stage1_core_48.vcxproj", "{29CC1768-E035-479E-9EC6-FB8A76AEFF5E}"
EndProject
Project("{8BC9CEB8-8B4A-11D0-8D11-00A0C91BC942}") = "stage1_core_64", "stage1_core_64\stage1_core_64.vcxproj", "{B24CC2D7-19BE-4ABD-8A1F-BDA1C74A21A3}"
EndProject
Global
	GlobalSection(SolutionConfigurationPlatforms) = preSolution
		Debug|Win32 = Debug|Win32
		Debug|x64 = Debug|x64
		Release|Win32 = Release|Win32
		Release|x64 = Release|x64
	EndGlobalSection
	GlobalSection(ProjectConfigurationPlatforms) = postSolution
		{0A0DE0B6-9A9A-4B77-9F83-AEF871CDAE66}.Debug|Win32.ActiveCfg = Debug|Win32
		{0A0DE0B6-9A9A-4B77-9F83-AEF871CDAE66}.Debug|Win32.Build.0 = Debug|Win32
		{0A0DE0B6-9A9A-4B77-9F83-AEF871CDAE66}.Debug|x64.ActiveCfg = Debug|x64
		{0A0DE0B6-9A9A-4B77-9F83-AEF871CDAE66}.Debug|x64.Build.0 = Debug|x64
		{0A0DE0B6-9A9A-4B77-9F83-AEF871CDAE66}.Release|Win32.ActiveCfg = Release|Win32
		{0A0DE0B6-9A9A-4B77-9F83-AEF871CDAE66}.Release|Win32.Build.0 = Release|Win32
		{0A0DE0B6-9A9A-4B77-9F83-AEF871CDAE66}.Release|x64.ActiveCfg = Release|x64
		{0A0DE0B6-9A9A-4B77-9F83-AEF871CDAE66}.Release|x64.Build.0 = Release|x64
		{AC786FD6-B405-40FB-BA5A-3AB68B33C81D}.Debug|Win32.ActiveCfg = Debug|Win32
		{AC786FD6-B405-40FB-BA5A-3AB68B33C81D}.Debug|Win32.Build.0 = Debug|Win32
		{AC786FD6-B405-40FB-BA5A-3AB68B33C81D}.Debug|x64.ActiveCfg = Debug|x64
		{AC786FD6-B405-40FB-BA5A-3AB68B33C81D}.Debug|x64.Build.0 = Debug|x64
		{AC786FD6-B405-40FB-BA5A-3AB68B33C81D}.Release|Win32.ActiveCfg = Release|Win32
		{AC786FD6-B405-40FB-BA5A-3AB68B33C81D}.Release|Win32.Build.0 = Release|Win32
		{AC786FD6-B405-40FB-BA5A-3AB68B33C81D}.Release|x64.ActiveCfg = Release|x64
		{AC786FD6-B405-40FB-BA5A-3AB68B33C81D}.Release|x64.Build.0 = Release|x64
		{6CD73AB4-04F6-49B3-A45F-65D4F7A078F4}.Debug|Win32.ActiveCfg = Debug|Win32
		{6CD73AB4-04F6-49B3-A45F-65D4F7A078F4}.Debug|Win32.Build.0 = Debug|Win32
		{6CD73AB4-04F6-49B3-A45F-65D4F7A078F4}.Debug|x64.ActiveCfg = Debug|x64
		{6CD73AB4-04F6-49B3-A45F-65D4F7A078F4}.Debug|x64.Build.0 = Debug|x64
		{6CD73AB4-04F6-49B3-A45F-65D4F7A078F4}.Release|Win32.ActiveCfg = Release|Win32
		{6CD73AB4-04F6-49B3-A45F-65D4F7A078F4}.Release|Win32.Build.0 = Release|Win32
		{6CD73AB4-04F6-49B3-A45F-65D4F7A078F4}.Release|x64.ActiveCfg = Release|x64
		{6CD73AB4-04F6-49B3-A45F-65D4F7A078F4}.Release|x64.Build.0 = Release|x64
		{89995A7B-6709-40C7-ADDC-806680CE8B64}.Debug|Win32.ActiveCfg = Debug|Win32
		{89995A7B-6709-40C7-ADDC-806680CE8B64}.Debug|Win32.Build.0 = Debug|Win32
		{89995A7B-6709-40C7-ADDC-806680CE8B64}.Debug|x64.ActiveCfg = Debug|x64
		{89995A7B-6709-40C7-ADDC-806680CE8B64}.Debug|x64.Build.0 = Debug|x64
		{89995A7B-6709-40C7-ADDC-806680CE8B64}.Release|Win32.ActiveCfg = Release|Win32
		{89995A7B-6709-40C7-ADDC-806680CE8B64}.Release|Win32.Build.0 = Release|Win32
		{89995A7B-6709-40C7-ADDC-806680CE8B64}.Release|x64.ActiveCfg = Release|x64
		{89995A7B-6709-40C7-ADDC-806680CE8B64}.Release|x64.Build.0 = Release|x64
		{29CC1768-E035-479E-9EC6-FB8A76AEFF5E}.Debug|Win32.ActiveCfg = Debug|Win32
		{29CC1768-E035-479E-9EC6-FB8A76AEFF5E}.Debug|Win32.Build.0 = Debug|Win32
		{29CC1768-E035-479E-9EC6-FB8A76AEFF5E}.Debug|x64.ActiveCfg = Debug|Win32
		{29CC1768-E035-479E-9EC6-FB8A76AEFF5E}.Release|Win32.ActiveCfg = Release|Win32
		{29CC1768-E035-479E-9EC6-FB8A76AEFF5E}.Release|Win32.Build.0 = Release|Win32
		{29CC1768-E035-479E-9EC6-FB8A76AEFF5E}.Release|x64.ActiveCfg = Release|x64
		{29CC1768-E035-479E-9EC6-FB8A76AEFF5E}.Release|x64.Build.0 = Release|x64
		{B24CC2D7-19BE-4ABD-8A1F-BDA1C74A21A3}.Debug|Win32.ActiveCfg = Debug|Win32
		{B24CC2D7-19BE-4ABD-8A1F-BDA1C74A21A3}.Debug|Win32.Build.0 = Debug|Win32
		{B24CC2D7-19BE-4ABD-8A1F-BDA1C74A21A3}.Debug|x64.ActiveCfg = Debug|Win32
		{B24CC2D7-19BE-4ABD-8A1F-BDA1C74A21A3}.Release|Win32.ActiveCfg = Release|Win32
		{B24CC2D7-19BE-4ABD-8A1F-BDA1C74A21A3}.Release|Win32.Build.0 = Release|Win32
		{B24CC2D7-19BE-4ABD-8A1F-BDA1C74A21A3}.Release|x64.ActiveCfg = Release|x64
		{B24CC2D7-19BE-4ABD-8A1F-BDA1C74A21A3}.Release|x64.Build.0 = Release|x64
	EndGlobalSection
	GlobalSection(SolutionProperties) = preSolution
		HideSolutionNode = FALSE
	EndGlobalSection
EndGlobal
